// !$*UTF8*$!
{
	archiveVersion = 1;
	classes = {
	};
	objectVersion = 50;
	objects = {

/* Begin PBXBuildFile section */
		1A2E5EF52098FD770048E11A /* AppDelegate.swift in Sources */ = {isa = PBXBuildFile; fileRef = 1A2E5EF42098FD770048E11A /* AppDelegate.swift */; };
		1A2E5EF72098FD770048E11A /* art.scnassets in Resources */ = {isa = PBXBuildFile; fileRef = 1A2E5EF62098FD770048E11A /* art.scnassets */; };
		1A2E5EF92098FD770048E11A /* ViewController.swift in Sources */ = {isa = PBXBuildFile; fileRef = 1A2E5EF82098FD770048E11A /* ViewController.swift */; };
		1A2E5EFC2098FD770048E11A /* Main.storyboard in Resources */ = {isa = PBXBuildFile; fileRef = 1A2E5EFA2098FD770048E11A /* Main.storyboard */; };
		1A2E5EFE2098FD780048E11A /* Assets.xcassets in Resources */ = {isa = PBXBuildFile; fileRef = 1A2E5EFD2098FD780048E11A /* Assets.xcassets */; };
		1A2E5F012098FD780048E11A /* LaunchScreen.storyboard in Resources */ = {isa = PBXBuildFile; fileRef = 1A2E5EFF2098FD780048E11A /* LaunchScreen.storyboard */; };
		1A2E5F0C2098FD780048E11A /* ARConstellationsSceneTests.swift in Sources */ = {isa = PBXBuildFile; fileRef = 1A2E5F0B2098FD780048E11A /* ARConstellationsSceneTests.swift */; };
/* End PBXBuildFile section */

/* Begin PBXContainerItemProxy section */
		1A2E5F082098FD780048E11A /* PBXContainerItemProxy */ = {
			isa = PBXContainerItemProxy;
			containerPortal = 1A2E5EE92098FD770048E11A /* Project object */;
			proxyType = 1;
			remoteGlobalIDString = 1A2E5EF02098FD770048E11A;
			remoteInfo = ARConstellationsScene;
		};
/* End PBXContainerItemProxy section */

/* Begin PBXFileReference section */
		1A2E5EF12098FD770048E11A /* ARConstellationsScene.app */ = {isa = PBXFileReference; explicitFileType = wrapper.application; includeInIndex = 0; path = ARConstellationsScene.app; sourceTree = BUILT_PRODUCTS_DIR; };
		1A2E5EF42098FD770048E11A /* AppDelegate.swift */ = {isa = PBXFileReference; lastKnownFileType = sourcecode.swift; path = AppDelegate.swift; sourceTree = "<group>"; };
		1A2E5EF62098FD770048E11A /* art.scnassets */ = {isa = PBXFileReference; lastKnownFileType = wrapper.scnassets; path = art.scnassets; sourceTree = "<group>"; };
		1A2E5EF82098FD770048E11A /* ViewController.swift */ = {isa = PBXFileReference; lastKnownFileType = sourcecode.swift; path = ViewController.swift; sourceTree = "<group>"; };
		1A2E5EFB2098FD770048E11A /* Base */ = {isa = PBXFileReference; lastKnownFileType = file.storyboard; name = Base; path = Base.lproj/Main.storyboard; sourceTree = "<group>"; };
		1A2E5EFD2098FD780048E11A /* Assets.xcassets */ = {isa = PBXFileReference; lastKnownFileType = folder.assetcatalog; path = Assets.xcassets; sourceTree = "<group>"; };
		1A2E5F002098FD780048E11A /* Base */ = {isa = PBXFileReference; lastKnownFileType = file.storyboard; name = Base; path = Base.lproj/LaunchScreen.storyboard; sourceTree = "<group>"; };
		1A2E5F022098FD780048E11A /* Info.plist */ = {isa = PBXFileReference; lastKnownFileType = text.plist.xml; path = Info.plist; sourceTree = "<group>"; };
		1A2E5F072098FD780048E11A /* ARConstellationsSceneTests.xctest */ = {isa = PBXFileReference; explicitFileType = wrapper.cfbundle; includeInIndex = 0; path = ARConstellationsSceneTests.xctest; sourceTree = BUILT_PRODUCTS_DIR; };
		1A2E5F0B2098FD780048E11A /* ARConstellationsSceneTests.swift */ = {isa = PBXFileReference; lastKnownFileType = sourcecode.swift; path = ARConstellationsSceneTests.swift; sourceTree = "<group>"; };
		1A2E5F0D2098FD780048E11A /* Info.plist */ = {isa = PBXFileReference; lastKnownFileType = text.plist.xml; path = Info.plist; sourceTree = "<group>"; };
/* End PBXFileReference section */

/* Begin PBXFrameworksBuildPhase section */
		1A2E5EEE2098FD770048E11A /* Frameworks */ = {
			isa = PBXFrameworksBuildPhase;
			buildActionMask = 2147483647;
			files = (
			);
			runOnlyForDeploymentPostprocessing = 0;
		};
		1A2E5F042098FD780048E11A /* Frameworks */ = {
			isa = PBXFrameworksBuildPhase;
			buildActionMask = 2147483647;
			files = (
			);
			runOnlyForDeploymentPostprocessing = 0;
		};
/* End PBXFrameworksBuildPhase section */

/* Begin PBXGroup section */
		1A2E5EE82098FD770048E11A = {
			isa = PBXGroup;
			children = (
				1A2E5EF32098FD770048E11A /* ARConstellationsScene */,
				1A2E5F0A2098FD780048E11A /* ARConstellationsSceneTests */,
				1A2E5EF22098FD770048E11A /* Products */,
			);
			sourceTree = "<group>";
		};
		1A2E5EF22098FD770048E11A /* Products */ = {
			isa = PBXGroup;
			children = (
				1A2E5EF12098FD770048E11A /* ARConstellationsScene.app */,
				1A2E5F072098FD780048E11A /* ARConstellationsSceneTests.xctest */,
			);
			name = Products;
			sourceTree = "<group>";
		};
		1A2E5EF32098FD770048E11A /* ARConstellationsScene */ = {
			isa = PBXGroup;
			children = (
				1A2E5EF42098FD770048E11A /* AppDelegate.swift */,
				1A2E5EF62098FD770048E11A /* art.scnassets */,
				1A2E5EF82098FD770048E11A /* ViewController.swift */,
				1A2E5EFA2098FD770048E11A /* Main.storyboard */,
				1A2E5EFD2098FD780048E11A /* Assets.xcassets */,
				1A2E5EFF2098FD780048E11A /* LaunchScreen.storyboard */,
				1A2E5F022098FD780048E11A /* Info.plist */,
			);
			path = ARConstellationsScene;
			sourceTree = "<group>";
		};
		1A2E5F0A2098FD780048E11A /* ARConstellationsSceneTests */ = {
			isa = PBXGroup;
			children = (
				1A2E5F0B2098FD780048E11A /* ARConstellationsSceneTests.swift */,
				1A2E5F0D2098FD780048E11A /* Info.plist */,
			);
			path = ARConstellationsSceneTests;
			sourceTree = "<group>";
		};
/* End PBXGroup section */

/* Begin PBXNativeTarget section */
		1A2E5EF02098FD770048E11A /* ARConstellationsScene */ = {
			isa = PBXNativeTarget;
			buildConfigurationList = 1A2E5F102098FD780048E11A /* Build configuration list for PBXNativeTarget "ARConstellationsScene" */;
			buildPhases = (
				1A2E5EED2098FD770048E11A /* Sources */,
				1A2E5EEE2098FD770048E11A /* Frameworks */,
				1A2E5EEF2098FD770048E11A /* Resources */,
			);
			buildRules = (
			);
			dependencies = (
			);
			name = ARConstellationsScene;
			productName = ARConstellationsScene;
			productReference = 1A2E5EF12098FD770048E11A /* ARConstellationsScene.app */;
			productType = "com.apple.product-type.application";
		};
		1A2E5F062098FD780048E11A /* ARConstellationsSceneTests */ = {
			isa = PBXNativeTarget;
			buildConfigurationList = 1A2E5F132098FD780048E11A /* Build configuration list for PBXNativeTarget "ARConstellationsSceneTests" */;
			buildPhases = (
				1A2E5F032098FD780048E11A /* Sources */,
				1A2E5F042098FD780048E11A /* Frameworks */,
				1A2E5F052098FD780048E11A /* Resources */,
			);
			buildRules = (
			);
			dependencies = (
				1A2E5F092098FD780048E11A /* PBXTargetDependency */,
			);
			name = ARConstellationsSceneTests;
			productName = ARConstellationsSceneTests;
			productReference = 1A2E5F072098FD780048E11A /* ARConstellationsSceneTests.xctest */;
			productType = "com.apple.product-type.bundle.unit-test";
		};
/* End PBXNativeTarget section */

/* Begin PBXProject section */
		1A2E5EE92098FD770048E11A /* Project object */ = {
			isa = PBXProject;
			attributes = {
				LastSwiftUpdateCheck = 0930;
				LastUpgradeCheck = 0930;
				ORGANIZATIONNAME = "Anna Sedlackova";
				TargetAttributes = {
					1A2E5EF02098FD770048E11A = {
						CreatedOnToolsVersion = 9.3;
					};
					1A2E5F062098FD780048E11A = {
						CreatedOnToolsVersion = 9.3;
						TestTargetID = 1A2E5EF02098FD770048E11A;
					};
				};
			};
			buildConfigurationList = 1A2E5EEC2098FD770048E11A /* Build configuration list for PBXProject "ARConstellationsScene" */;
			compatibilityVersion = "Xcode 9.3";
			developmentRegion = en;
			hasScannedForEncodings = 0;
			knownRegions = (
				en,
				Base,
			);
			mainGroup = 1A2E5EE82098FD770048E11A;
			productRefGroup = 1A2E5EF22098FD770048E11A /* Products */;
			projectDirPath = "";
			projectRoot = "";
			targets = (
				1A2E5EF02098FD770048E11A /* ARConstellationsScene */,
				1A2E5F062098FD780048E11A /* ARConstellationsSceneTests */,
			);
		};
/* End PBXProject section */

/* Begin PBXResourcesBuildPhase section */
		1A2E5EEF2098FD770048E11A /* Resources */ = {
			isa = PBXResourcesBuildPhase;
			buildActionMask = 2147483647;
			files = (
				1A2E5EF72098FD770048E11A /* art.scnassets in Resources */,
				1A2E5F012098FD780048E11A /* LaunchScreen.storyboard in Resources */,
				1A2E5EFE2098FD780048E11A /* Assets.xcassets in Resources */,
				1A2E5EFC2098FD770048E11A /* Main.storyboard in Resources */,
			);
			runOnlyForDeploymentPostprocessing = 0;
		};
		1A2E5F052098FD780048E11A /* Resources */ = {
			isa = PBXResourcesBuildPhase;
			buildActionMask = 2147483647;
			files = (
			);
			runOnlyForDeploymentPostprocessing = 0;
		};
/* End PBXResourcesBuildPhase section */

/* Begin PBXSourcesBuildPhase section */
		1A2E5EED2098FD770048E11A /* Sources */ = {
			isa = PBXSourcesBuildPhase;
			buildActionMask = 2147483647;
			files = (
				1A2E5EF92098FD770048E11A /* ViewController.swift in Sources */,
				1A2E5EF52098FD770048E11A /* AppDelegate.swift in Sources */,
			);
			runOnlyForDeploymentPostprocessing = 0;
		};
		1A2E5F032098FD780048E11A /* Sources */ = {
			isa = PBXSourcesBuildPhase;
			buildActionMask = 2147483647;
			files = (
				1A2E5F0C2098FD780048E11A /* ARConstellationsSceneTests.swift in Sources */,
			);
			runOnlyForDeploymentPostprocessing = 0;
		};
/* End PBXSourcesBuildPhase section */

/* Begin PBXTargetDependency section */
		1A2E5F092098FD780048E11A /* PBXTargetDependency */ = {
			isa = PBXTargetDependency;
			target = 1A2E5EF02098FD770048E11A /* ARConstellationsScene */;
			targetProxy = 1A2E5F082098FD780048E11A /* PBXContainerItemProxy */;
		};
/* End PBXTargetDependency section */

/* Begin PBXVariantGroup section */
		1A2E5EFA2098FD770048E11A /* Main.storyboard */ = {
			isa = PBXVariantGroup;
			children = (
				1A2E5EFB2098FD770048E11A /* Base */,
			);
			name = Main.storyboard;
			sourceTree = "<group>";
		};
		1A2E5EFF2098FD780048E11A /* LaunchScreen.storyboard */ = {
			isa = PBXVariantGroup;
			children = (
				1A2E5F002098FD780048E11A /* Base */,
			);
			name = LaunchScreen.storyboard;
			sourceTree = "<group>";
		};
/* End PBXVariantGroup section */

/* Begin XCBuildConfiguration section */
		1A2E5F0E2098FD780048E11A /* Debug */ = {
			isa = XCBuildConfiguration;
			buildSettings = {
				ALWAYS_SEARCH_USER_PATHS = NO;
				CLANG_ANALYZER_NONNULL = YES;
				CLANG_ANALYZER_NUMBER_OBJECT_CONVERSION = YES_AGGRESSIVE;
				CLANG_CXX_LANGUAGE_STANDARD = "gnu++14";
				CLANG_CXX_LIBRARY = "libc++";
				CLANG_ENABLE_MODULES = YES;
				CLANG_ENABLE_OBJC_ARC = YES;
				CLANG_ENABLE_OBJC_WEAK = YES;
				CLANG_WARN_BLOCK_CAPTURE_AUTORELEASING = YES;
				CLANG_WARN_BOOL_CONVERSION = YES;
				CLANG_WARN_COMMA = YES;
				CLANG_WARN_CONSTANT_CONVERSION = YES;
				CLANG_WARN_DEPRECATED_OBJC_IMPLEMENTATIONS = YES;
				CLANG_WARN_DIRECT_OBJC_ISA_USAGE = YES_ERROR;
				CLANG_WARN_DOCUMENTATION_COMMENTS = YES;
				CLANG_WARN_EMPTY_BODY = YES;
				CLANG_WARN_ENUM_CONVERSION = YES;
				CLANG_WARN_INFINITE_RECURSION = YES;
				CLANG_WARN_INT_CONVERSION = YES;
				CLANG_WARN_NON_LITERAL_NULL_CONVERSION = YES;
				CLANG_WARN_OBJC_IMPLICIT_RETAIN_SELF = YES;
				CLANG_WARN_OBJC_LITERAL_CONVERSION = YES;
				CLANG_WARN_OBJC_ROOT_CLASS = YES_ERROR;
				CLANG_WARN_RANGE_LOOP_ANALYSIS = YES;
				CLANG_WARN_STRICT_PROTOTYPES = YES;
				CLANG_WARN_SUSPICIOUS_MOVE = YES;
				CLANG_WARN_UNGUARDED_AVAILABILITY = YES_AGGRESSIVE;
				CLANG_WARN_UNREACHABLE_CODE = YES;
				CLANG_WARN__DUPLICATE_METHOD_MATCH = YES;
				CODE_SIGN_IDENTITY = "iPhone Developer";
				COPY_PHASE_STRIP = NO;
				DEBUG_INFORMATION_FORMAT = dwarf;
				ENABLE_STRICT_OBJC_MSGSEND = YES;
				ENABLE_TESTABILITY = YES;
				GCC_C_LANGUAGE_STANDARD = gnu11;
				GCC_DYNAMIC_NO_PIC = NO;
				GCC_NO_COMMON_BLOCKS = YES;
				GCC_OPTIMIZATION_LEVEL = 0;
				GCC_PREPROCESSOR_DEFINITIONS = (
					"DEBUG=1",
					"$(inherited)",
				);
				GCC_WARN_64_TO_32_BIT_CONVERSION = YES;
				GCC_WARN_ABOUT_RETURN_TYPE = YES_ERROR;
				GCC_WARN_UNDECLARED_SELECTOR = YES;
				GCC_WARN_UNINITIALIZED_AUTOS = YES_AGGRESSIVE;
				GCC_WARN_UNUSED_FUNCTION = YES;
				GCC_WARN_UNUSED_VARIABLE = YES;
				IPHONEOS_DEPLOYMENT_TARGET = 11.3;
				MTL_ENABLE_DEBUG_INFO = YES;
				ONLY_ACTIVE_ARCH = YES;
				SDKROOT = iphoneos;
				SWIFT_ACTIVE_COMPILATION_CONDITIONS = DEBUG;
				SWIFT_OPTIMIZATION_LEVEL = "-Onone";
			};
			name = Debug;
		};
		1A2E5F0F2098FD780048E11A /* Release */ = {
			isa = XCBuildConfiguration;
			buildSettings = {
				ALWAYS_SEARCH_USER_PATHS = NO;
				CLANG_ANALYZER_NONNULL = YES;
				CLANG_ANALYZER_NUMBER_OBJECT_CONVERSION = YES_AGGRESSIVE;
				CLANG_CXX_LANGUAGE_STANDARD = "gnu++14";
				CLANG_CXX_LIBRARY = "libc++";
				CLANG_ENABLE_MODULES = YES;
				CLANG_ENABLE_OBJC_ARC = YES;
				CLANG_ENABLE_OBJC_WEAK = YES;
				CLANG_WARN_BLOCK_CAPTURE_AUTORELEASING = YES;
				CLANG_WARN_BOOL_CONVERSION = YES;
				CLANG_WARN_COMMA = YES;
				CLANG_WARN_CONSTANT_CONVERSION = YES;
				CLANG_WARN_DEPRECATED_OBJC_IMPLEMENTATIONS = YES;
				CLANG_WARN_DIRECT_OBJC_ISA_USAGE = YES_ERROR;
				CLANG_WARN_DOCUMENTATION_COMMENTS = YES;
				CLANG_WARN_EMPTY_BODY = YES;
				CLANG_WARN_ENUM_CONVERSION = YES;
				CLANG_WARN_INFINITE_RECURSION = YES;
				CLANG_WARN_INT_CONVERSION = YES;
				CLANG_WARN_NON_LITERAL_NULL_CONVERSION = YES;
				CLANG_WARN_OBJC_IMPLICIT_RETAIN_SELF = YES;
				CLANG_WARN_OBJC_LITERAL_CONVERSION = YES;
				CLANG_WARN_OBJC_ROOT_CLASS = YES_ERROR;
				CLANG_WARN_RANGE_LOOP_ANALYSIS = YES;
				CLANG_WARN_STRICT_PROTOTYPES = YES;
				CLANG_WARN_SUSPICIOUS_MOVE = YES;
				CLANG_WARN_UNGUARDED_AVAILABILITY = YES_AGGRESSIVE;
				CLANG_WARN_UNREACHABLE_CODE = YES;
				CLANG_WARN__DUPLICATE_METHOD_MATCH = YES;
				CODE_SIGN_IDENTITY = "iPhone Developer";
				COPY_PHASE_STRIP = NO;
				DEBUG_INFORMATION_FORMAT = "dwarf-with-dsym";
				ENABLE_NS_ASSERTIONS = NO;
				ENABLE_STRICT_OBJC_MSGSEND = YES;
				GCC_C_LANGUAGE_STANDARD = gnu11;
				GCC_NO_COMMON_BLOCKS = YES;
				GCC_WARN_64_TO_32_BIT_CONVERSION = YES;
				GCC_WARN_ABOUT_RETURN_TYPE = YES_ERROR;
				GCC_WARN_UNDECLARED_SELECTOR = YES;
				GCC_WARN_UNINITIALIZED_AUTOS = YES_AGGRESSIVE;
				GCC_WARN_UNUSED_FUNCTION = YES;
				GCC_WARN_UNUSED_VARIABLE = YES;
				IPHONEOS_DEPLOYMENT_TARGET = 11.3;
				MTL_ENABLE_DEBUG_INFO = NO;
				SDKROOT = iphoneos;
				SWIFT_COMPILATION_MODE = wholemodule;
				SWIFT_OPTIMIZATION_LEVEL = "-O";
				VALIDATE_PRODUCT = YES;
			};
			name = Release;
		};
		1A2E5F112098FD780048E11A /* Debug */ = {
			isa = XCBuildConfiguration;
			buildSettings = {
				ASSETCATALOG_COMPILER_APPICON_NAME = AppIcon;
				CODE_SIGN_STYLE = Automatic;
				DEVELOPMENT_TEAM = 2LUMF3X3MA;
				INFOPLIST_FILE = ARConstellationsScene/Info.plist;
				LD_RUNPATH_SEARCH_PATHS = (
					"$(inherited)",
					"@executable_path/Frameworks",
				);
				PRODUCT_BUNDLE_IDENTIFIER = com.example.ARConstellationsScene;
				PRODUCT_NAME = "$(TARGET_NAME)";
				SWIFT_VERSION = 4.0;
				TARGETED_DEVICE_FAMILY = "1,2";
			};
			name = Debug;
		};
		1A2E5F122098FD780048E11A /* Release */ = {
			isa = XCBuildConfiguration;
			buildSettings = {
				ASSETCATALOG_COMPILER_APPICON_NAME = AppIcon;
				CODE_SIGN_STYLE = Automatic;
				DEVELOPMENT_TEAM = 2LUMF3X3MA;
				INFOPLIST_FILE = ARConstellationsScene/Info.plist;
				LD_RUNPATH_SEARCH_PATHS = (
					"$(inherited)",
					"@executable_path/Frameworks",
				);
				PRODUCT_BUNDLE_IDENTIFIER = com.example.ARConstellationsScene;
				PRODUCT_NAME = "$(TARGET_NAME)";
				SWIFT_VERSION = 4.0;
				TARGETED_DEVICE_FAMILY = "1,2";
			};
			name = Release;
		};
		1A2E5F142098FD780048E11A /* Debug */ = {
			isa = XCBuildConfiguration;
			buildSettings = {
				ALWAYS_EMBED_SWIFT_STANDARD_LIBRARIES = YES;
				BUNDLE_LOADER = "$(TEST_HOST)";
				CODE_SIGN_STYLE = Automatic;
				DEVELOPMENT_TEAM = 2LUMF3X3MA;
				INFOPLIST_FILE = ARConstellationsSceneTests/Info.plist;
				LD_RUNPATH_SEARCH_PATHS = (
					"$(inherited)",
					"@executable_path/Frameworks",
					"@loader_path/Frameworks",
				);
				PRODUCT_BUNDLE_IDENTIFIER = com.example.ARConstellationsSceneTests;
				PRODUCT_NAME = "$(TARGET_NAME)";
				SWIFT_VERSION = 4.0;
				TARGETED_DEVICE_FAMILY = "1,2";
				TEST_HOST = "$(BUILT_PRODUCTS_DIR)/ARConstellationsScene.app/ARConstellationsScene";
			};
			name = Debug;
		};
		1A2E5F152098FD780048E11A /* Release */ = {
			isa = XCBuildConfiguration;
			buildSettings = {
				ALWAYS_EMBED_SWIFT_STANDARD_LIBRARIES = YES;
				BUNDLE_LOADER = "$(TEST_HOST)";
				CODE_SIGN_STYLE = Automatic;
				DEVELOPMENT_TEAM = 2LUMF3X3MA;
				INFOPLIST_FILE = ARConstellationsSceneTests/Info.plist;
				LD_RUNPATH_SEARCH_PATHS = (
					"$(inherited)",
					"@executable_path/Frameworks",
					"@loader_path/Frameworks",
				);
				PRODUCT_BUNDLE_IDENTIFIER = com.example.ARConstellationsSceneTests;
				PRODUCT_NAME = "$(TARGET_NAME)";
				SWIFT_VERSION = 4.0;
				TARGETED_DEVICE_FAMILY = "1,2";
				TEST_HOST = "$(BUILT_PRODUCTS_DIR)/ARConstellationsScene.app/ARConstellationsScene";
			};
			name = Release;
		};
/* End XCBuildConfiguration section */

/* Begin XCConfigurationList section */
		1A2E5EEC2098FD770048E11A /* Build configuration list for PBXProject "ARConstellationsScene" */ = {
			isa = XCConfigurationList;
			buildConfigurations = (
				1A2E5F0E2098FD780048E11A /* Debug */,
				1A2E5F0F2098FD780048E11A /* Release */,
			);
			defaultConfigurationIsVisible = 0;
			defaultConfigurationName = Release;
		};
		1A2E5F102098FD780048E11A /* Build configuration list for PBXNativeTarget "ARConstellationsScene" */ = {
			isa = XCConfigurationList;
			buildConfigurations = (
				1A2E5F112098FD780048E11A /* Debug */,
				1A2E5F122098FD780048E11A /* Release */,
			);
			defaultConfigurationIsVisible = 0;
			defaultConfigurationName = Release;
		};
		1A2E5F132098FD780048E11A /* Build configuration list for PBXNativeTarget "ARConstellationsSceneTests" */ = {
			isa = XCConfigurationList;
			buildConfigurations = (
				1A2E5F142098FD780048E11A /* Debug */,
				1A2E5F152098FD780048E11A /* Release */,
			);
			defaultConfigurationIsVisible = 0;
			defaultConfigurationName = Release;
		};
/* End XCConfigurationList section */
	};
	rootObject = 1A2E5EE92098FD770048E11A /* Project object */;
}
